// !$*UTF8*$!
{
	archiveVersion = 1;
	classes = {
	};
	objectVersion = 46;
	objects = {

/* Begin PBXAggregateTarget section */
		7B4D35291819A2EB00664C4A /* Build */ = {
			isa = PBXAggregateTarget;
			buildConfigurationList = 7B4D352A1819A2EB00664C4A /* Build configuration list for PBXAggregateTarget "Build" */;
			buildPhases = (
			);
			dependencies = (
				7B4D35301819A2FB00664C4A /* PBXTargetDependency */,
				7B4D352E1819A2F100664C4A /* PBXTargetDependency */,
			);
			name = Build;
			productName = Build;
		};
/* End PBXAggregateTarget section */

/* Begin PBXBuildFile section */
		36D2B2BC16BA4EF9007E9B7C /* index.html in Copy ACE JavaScript */ = {isa = PBXBuildFile; fileRef = 7C9B5F12166AEB9700A24CB7 /* index.html */; };
		36F169E316B9346C00E8965C /* SenTestingKit.framework in Frameworks */ = {isa = PBXBuildFile; fileRef = 369548C316B8ED0C00DF75B9 /* SenTestingKit.framework */; };
		36F169E416B9346C00E8965C /* Cocoa.framework in Frameworks */ = {isa = PBXBuildFile; fileRef = 7C8A728F15EA0769007E5EB8 /* Cocoa.framework */; };
		36F169EA16B9346C00E8965C /* InfoPlist.strings in Resources */ = {isa = PBXBuildFile; fileRef = 36F169E816B9346C00E8965C /* InfoPlist.strings */; };
		36F169ED16B9346C00E8965C /* ACEView_Tests.m in Sources */ = {isa = PBXBuildFile; fileRef = 36F169EC16B9346C00E8965C /* ACEView_Tests.m */; };
		36F169F816B9374200E8965C /* MainMenu.xib in Resources */ = {isa = PBXBuildFile; fileRef = 36F169F616B9374200E8965C /* MainMenu.xib */; };
		36F169F916B9375D00E8965C /* MainMenu.xib in Resources */ = {isa = PBXBuildFile; fileRef = 36F169F616B9374200E8965C /* MainMenu.xib */; };
		7B4A2DA7191C351B00E20A3A /* KFWebKitProgressController.h in Headers */ = {isa = PBXBuildFile; fileRef = 7B4A2DA5191C351B00E20A3A /* KFWebKitProgressController.h */; settings = {ATTRIBUTES = (Public, ); }; };
		7B4A2DA8191C351B00E20A3A /* KFURLBar.h in Headers */ = {isa = PBXBuildFile; fileRef = 7B4A2DA6191C351B00E20A3A /* KFURLBar.h */; settings = {ATTRIBUTES = (Public, ); }; };
		7B4D35361819A9C500664C4A /* src in Copy ACE JavaScript */ = {isa = PBXBuildFile; fileRef = 7B4D35351819A9C400664C4A /* src */; };
		7B644D0E18164AEA0036D205 /* ACEBrowserView.h in Headers */ = {isa = PBXBuildFile; fileRef = 7B644D0C18164AEA0036D205 /* ACEBrowserView.h */; settings = {ATTRIBUTES = (Public, ); }; };
		7B6996711819605C00CAD9E2 /* Foundation.framework in Frameworks */ = {isa = PBXBuildFile; fileRef = 7B6996701819605C00CAD9E2 /* Foundation.framework */; };
		7B6996741819605C00CAD9E2 /* updateAce.m in Sources */ = {isa = PBXBuildFile; fileRef = 7B6996731819605C00CAD9E2 /* updateAce.m */; };
		7B69967D1819631000CAD9E2 /* Cocoa.framework in Frameworks */ = {isa = PBXBuildFile; fileRef = 7C8A728F15EA0769007E5EB8 /* Cocoa.framework */; };
		7B69967F18196A0F00CAD9E2 /* JavaScriptCore.framework in Frameworks */ = {isa = PBXBuildFile; fileRef = 7B69967E18196A0F00CAD9E2 /* JavaScriptCore.framework */; };
		7B8C888A181A113A00A43EE4 /* JavaScriptCore.framework in Frameworks */ = {isa = PBXBuildFile; fileRef = 7B69967E18196A0F00CAD9E2 /* JavaScriptCore.framework */; };
		7B8C888B181A124400A43EE4 /* ACEBrowserView.m in Sources */ = {isa = PBXBuildFile; fileRef = 7B644D0D18164AEA0036D205 /* ACEBrowserView.m */; };
		7BB2B66C181A473C0078A9C1 /* libKFURLBar.a in Frameworks */ = {isa = PBXBuildFile; fileRef = 7BB2B669181A47190078A9C1 /* libKFURLBar.a */; };
		7BF6DBA7181C5D64007B9A63 /* ACELanguageDetector.h in Headers */ = {isa = PBXBuildFile; fileRef = 7BF6DBA5181C5D64007B9A63 /* ACELanguageDetector.h */; };
		7BF6DBA8181C5D64007B9A63 /* ACELanguageDetector.m in Sources */ = {isa = PBXBuildFile; fileRef = 7BF6DBA6181C5D64007B9A63 /* ACELanguageDetector.m */; };
		7C08C07C1672ED23000D4A97 /* NSInvocation+MainThread.m in Sources */ = {isa = PBXBuildFile; fileRef = 7C08C07B1672ED23000D4A97 /* NSInvocation+MainThread.m */; };
		7C08C07E1672ED30000D4A97 /* NSInvocation+MainThread.h in Headers */ = {isa = PBXBuildFile; fileRef = 7C08C07D1672ED30000D4A97 /* NSInvocation+MainThread.h */; settings = {ATTRIBUTES = (Public, ); }; };
		7C86C84E166F184D00AE3A57 /* ACERange.h in Headers */ = {isa = PBXBuildFile; fileRef = 7C86C84D166F184C00AE3A57 /* ACERange.h */; };
		7C86C852166F4A0E00AE3A57 /* NSString+JS.m in Sources */ = {isa = PBXBuildFile; fileRef = 7C86C850166F4A0E00AE3A57 /* NSString+JS.m */; };
		7C86C854166F4A2000AE3A57 /* NSString+JS.h in Headers */ = {isa = PBXBuildFile; fileRef = 7C86C853166F4A2000AE3A57 /* NSString+JS.h */; settings = {ATTRIBUTES = (Public, ); }; };
		7C8A729015EA0769007E5EB8 /* Cocoa.framework in Frameworks */ = {isa = PBXBuildFile; fileRef = 7C8A728F15EA0769007E5EB8 /* Cocoa.framework */; };
		7C8A72E215EA0F0E007E5EB8 /* Cocoa.framework in Frameworks */ = {isa = PBXBuildFile; fileRef = 7C8A728F15EA0769007E5EB8 /* Cocoa.framework */; };
		7C8A72EA15EA0F0E007E5EB8 /* main.m in Sources */ = {isa = PBXBuildFile; fileRef = 7C8A72E915EA0F0E007E5EB8 /* main.m */; };
		7C8A72F115EA0F0E007E5EB8 /* ACEViewAppDelegate.m in Sources */ = {isa = PBXBuildFile; fileRef = 7C8A72F015EA0F0E007E5EB8 /* ACEViewAppDelegate.m */; };
		7C8A72F815EA0F28007E5EB8 /* ACEView.framework in Frameworks */ = {isa = PBXBuildFile; fileRef = 7C8A728C15EA0769007E5EB8 /* ACEView.framework */; };
		7C8A72FA15EA0FCB007E5EB8 /* HTML5.html in Resources */ = {isa = PBXBuildFile; fileRef = 7C8A72F915EA0FCB007E5EB8 /* HTML5.html */; };
		7C8A72FF15EA1414007E5EB8 /* WebKit.framework in Frameworks */ = {isa = PBXBuildFile; fileRef = 7C8A72FE15EA1414007E5EB8 /* WebKit.framework */; };
		7C9B66BE166AF49F00A24CB7 /* ACEView.m in Sources */ = {isa = PBXBuildFile; fileRef = 7C9B66BC166AF49F00A24CB7 /* ACEView.m */; };
		7C9B66C2166AF4C600A24CB7 /* ACEView.h in Headers */ = {isa = PBXBuildFile; fileRef = 7C9B66C1166AF4C600A24CB7 /* ACEView.h */; settings = {ATTRIBUTES = (Public, ); }; };
		7C9B66C5166AF4E900A24CB7 /* ACELogger.h in Headers */ = {isa = PBXBuildFile; fileRef = 7C9B66C4166AF4E900A24CB7 /* ACELogger.h */; settings = {ATTRIBUTES = (Private, ); }; };
/* End PBXBuildFile section */

/* Begin PBXContainerItemProxy section */
		7B4D352D1819A2F100664C4A /* PBXContainerItemProxy */ = {
			isa = PBXContainerItemProxy;
			containerPortal = 7C8A728215EA0769007E5EB8 /* Project object */;
			proxyType = 1;
			remoteGlobalIDString = 7B69966E1819605C00CAD9E2;
			remoteInfo = UpdateAce;
		};
		7B4D352F1819A2FB00664C4A /* PBXContainerItemProxy */ = {
			isa = PBXContainerItemProxy;
			containerPortal = 7C8A728215EA0769007E5EB8 /* Project object */;
			proxyType = 1;
			remoteGlobalIDString = 7C8A728B15EA0769007E5EB8;
			remoteInfo = ACEView;
		};
		7BB2B666181A47190078A9C1 /* PBXContainerItemProxy */ = {
			isa = PBXContainerItemProxy;
			containerPortal = 7BB2B661181A47190078A9C1 /* KFURLBar.xcodeproj */;
			proxyType = 2;
			remoteGlobalIDString = 1D1706A816EA342F008920CC;
			remoteInfo = KFURLBarDemo;
		};
		7BB2B668181A47190078A9C1 /* PBXContainerItemProxy */ = {
			isa = PBXContainerItemProxy;
			containerPortal = 7BB2B661181A47190078A9C1 /* KFURLBar.xcodeproj */;
			proxyType = 2;
			remoteGlobalIDString = 7B6996301819533F00CAD9E2;
			remoteInfo = KFURLBar;
		};
		7BB2B66A181A471E0078A9C1 /* PBXContainerItemProxy */ = {
			isa = PBXContainerItemProxy;
			containerPortal = 7BB2B661181A47190078A9C1 /* KFURLBar.xcodeproj */;
			proxyType = 1;
			remoteGlobalIDString = 7B69962F1819533F00CAD9E2;
			remoteInfo = KFURLBar;
		};
/* End PBXContainerItemProxy section */

/* Begin PBXCopyFilesBuildPhase section */
		7B69966D1819605C00CAD9E2 /* CopyFiles */ = {
			isa = PBXCopyFilesBuildPhase;
			buildActionMask = 2147483647;
			dstPath = /usr/share/man/man1/;
			dstSubfolderSpec = 0;
			files = (
			);
			runOnlyForDeploymentPostprocessing = 1;
		};
		7C9B66B0166AF19A00A24CB7 /* Copy ACE JavaScript */ = {
			isa = PBXCopyFilesBuildPhase;
			buildActionMask = 2147483647;
			dstPath = "";
			dstSubfolderSpec = 7;
			files = (
				36D2B2BC16BA4EF9007E9B7C /* index.html in Copy ACE JavaScript */,
				7B4D35361819A9C500664C4A /* src in Copy ACE JavaScript */,
			);
			name = "Copy ACE JavaScript";
			runOnlyForDeploymentPostprocessing = 0;
		};
/* End PBXCopyFilesBuildPhase section */

/* Begin PBXFileReference section */
		369548C316B8ED0C00DF75B9 /* SenTestingKit.framework */ = {isa = PBXFileReference; lastKnownFileType = wrapper.framework; name = SenTestingKit.framework; path = Library/Frameworks/SenTestingKit.framework; sourceTree = DEVELOPER_DIR; };
		36F169E216B9346C00E8965C /* ACEViewTests.octest */ = {isa = PBXFileReference; explicitFileType = wrapper.cfbundle; includeInIndex = 0; path = ACEViewTests.octest; sourceTree = BUILT_PRODUCTS_DIR; };
		36F169E716B9346C00E8965C /* ACEView Tests-Info.plist */ = {isa = PBXFileReference; lastKnownFileType = text.plist.xml; path = "ACEView Tests-Info.plist"; sourceTree = "<group>"; };
		36F169E916B9346C00E8965C /* en */ = {isa = PBXFileReference; lastKnownFileType = text.plist.strings; name = en; path = en.lproj/InfoPlist.strings; sourceTree = "<group>"; };
		36F169EB16B9346C00E8965C /* ACEView_Tests.h */ = {isa = PBXFileReference; lastKnownFileType = sourcecode.c.h; path = ACEView_Tests.h; sourceTree = "<group>"; };
		36F169EC16B9346C00E8965C /* ACEView_Tests.m */ = {isa = PBXFileReference; lastKnownFileType = sourcecode.c.objc; path = ACEView_Tests.m; sourceTree = "<group>"; };
		36F169EE16B9346C00E8965C /* ACEView Tests-Prefix.pch */ = {isa = PBXFileReference; lastKnownFileType = sourcecode.c.h; path = "ACEView Tests-Prefix.pch"; sourceTree = "<group>"; };
		36F169F716B9374200E8965C /* en */ = {isa = PBXFileReference; lastKnownFileType = file.xib; name = en; path = en.lproj/MainMenu.xib; sourceTree = "<group>"; };
		7B4A2DA5191C351B00E20A3A /* KFWebKitProgressController.h */ = {isa = PBXFileReference; fileEncoding = 4; lastKnownFileType = sourcecode.c.h; name = KFWebKitProgressController.h; path = KFURLBar/KFURLBar/KFWebKitProgressController.h; sourceTree = "<group>"; };
		7B4A2DA6191C351B00E20A3A /* KFURLBar.h */ = {isa = PBXFileReference; fileEncoding = 4; lastKnownFileType = sourcecode.c.h; name = KFURLBar.h; path = KFURLBar/KFURLBar/Sources/KFURLBar.h; sourceTree = "<group>"; };
		7B4D35351819A9C400664C4A /* src */ = {isa = PBXFileReference; lastKnownFileType = folder; name = src; path = ace/build/src; sourceTree = "<group>"; };
		7B644D0C18164AEA0036D205 /* ACEBrowserView.h */ = {isa = PBXFileReference; fileEncoding = 4; lastKnownFileType = sourcecode.c.h; name = ACEBrowserView.h; path = ACEView/Source/ACEBrowserView.h; sourceTree = "<group>"; };
		7B644D0D18164AEA0036D205 /* ACEBrowserView.m */ = {isa = PBXFileReference; fileEncoding = 4; lastKnownFileType = sourcecode.c.objc; name = ACEBrowserView.m; path = ACEView/Source/ACEBrowserView.m; sourceTree = "<group>"; };
		7B69966F1819605C00CAD9E2 /* UpdateAce */ = {isa = PBXFileReference; explicitFileType = "compiled.mach-o.executable"; includeInIndex = 0; path = UpdateAce; sourceTree = BUILT_PRODUCTS_DIR; };
		7B6996701819605C00CAD9E2 /* Foundation.framework */ = {isa = PBXFileReference; lastKnownFileType = wrapper.framework; name = Foundation.framework; path = System/Library/Frameworks/Foundation.framework; sourceTree = SDKROOT; };
		7B6996731819605C00CAD9E2 /* updateAce.m */ = {isa = PBXFileReference; lastKnownFileType = sourcecode.c.objc; name = updateAce.m; path = ../UpdateAce/updateAce.m; sourceTree = "<group>"; };
		7B69967E18196A0F00CAD9E2 /* JavaScriptCore.framework */ = {isa = PBXFileReference; lastKnownFileType = wrapper.framework; name = JavaScriptCore.framework; path = System/Library/Frameworks/JavaScriptCore.framework; sourceTree = SDKROOT; };
		7BB2B661181A47190078A9C1 /* KFURLBar.xcodeproj */ = {isa = PBXFileReference; lastKnownFileType = "wrapper.pb-project"; name = KFURLBar.xcodeproj; path = KFURLBar/KFURLBar.xcodeproj; sourceTree = "<group>"; };
		7BF6DBA3181C5D0F007B9A63 /* jsdetector.js */ = {isa = PBXFileReference; lastKnownFileType = sourcecode.javascript; name = jsdetector.js; path = ACEView/jsdetector.js; sourceTree = "<group>"; };
		7BF6DBA5181C5D64007B9A63 /* ACELanguageDetector.h */ = {isa = PBXFileReference; fileEncoding = 4; lastKnownFileType = sourcecode.c.h; name = ACELanguageDetector.h; path = ACEView/Source/Utilities/ACELanguageDetector.h; sourceTree = "<group>"; };
		7BF6DBA6181C5D64007B9A63 /* ACELanguageDetector.m */ = {isa = PBXFileReference; fileEncoding = 4; lastKnownFileType = sourcecode.c.objc; name = ACELanguageDetector.m; path = ACEView/Source/Utilities/ACELanguageDetector.m; sourceTree = "<group>"; };
		7C08C07B1672ED23000D4A97 /* NSInvocation+MainThread.m */ = {isa = PBXFileReference; fileEncoding = 4; lastKnownFileType = sourcecode.c.objc; name = "NSInvocation+MainThread.m"; path = "ACEView/Source/Categories/NSInvocation+MainThread.m"; sourceTree = "<group>"; };
		7C08C07D1672ED30000D4A97 /* NSInvocation+MainThread.h */ = {isa = PBXFileReference; fileEncoding = 4; lastKnownFileType = sourcecode.c.h; name = "NSInvocation+MainThread.h"; path = "ACEView/Source/Categories/Headers/NSInvocation+MainThread.h"; sourceTree = "<group>"; };
		7C86C84D166F184C00AE3A57 /* ACERange.h */ = {isa = PBXFileReference; fileEncoding = 4; lastKnownFileType = sourcecode.c.h; name = ACERange.h; path = ACEView/Source/Utilities/Headers/ACERange.h; sourceTree = "<group>"; };
		7C86C850166F4A0E00AE3A57 /* NSString+JS.m */ = {isa = PBXFileReference; fileEncoding = 4; lastKnownFileType = sourcecode.c.objc; name = "NSString+JS.m"; path = "ACEView/Source/Categories/NSString+JS.m"; sourceTree = "<group>"; };
		7C86C853166F4A2000AE3A57 /* NSString+JS.h */ = {isa = PBXFileReference; fileEncoding = 4; lastKnownFileType = sourcecode.c.h; name = "NSString+JS.h"; path = "ACEView/Source/Categories/Headers/NSString+JS.h"; sourceTree = "<group>"; };
		7C8A728C15EA0769007E5EB8 /* ACEView.framework */ = {isa = PBXFileReference; explicitFileType = wrapper.framework; includeInIndex = 0; path = ACEView.framework; sourceTree = BUILT_PRODUCTS_DIR; };
		7C8A728F15EA0769007E5EB8 /* Cocoa.framework */ = {isa = PBXFileReference; lastKnownFileType = wrapper.framework; name = Cocoa.framework; path = System/Library/Frameworks/Cocoa.framework; sourceTree = SDKROOT; };
		7C8A729215EA0769007E5EB8 /* AppKit.framework */ = {isa = PBXFileReference; lastKnownFileType = wrapper.framework; name = AppKit.framework; path = System/Library/Frameworks/AppKit.framework; sourceTree = SDKROOT; };
		7C8A729315EA0769007E5EB8 /* CoreData.framework */ = {isa = PBXFileReference; lastKnownFileType = wrapper.framework; name = CoreData.framework; path = System/Library/Frameworks/CoreData.framework; sourceTree = SDKROOT; };
		7C8A729415EA0769007E5EB8 /* Foundation.framework */ = {isa = PBXFileReference; lastKnownFileType = wrapper.framework; name = Foundation.framework; path = System/Library/Frameworks/Foundation.framework; sourceTree = SDKROOT; };
		7C8A72E015EA0F0E007E5EB8 /* ACEVIewExample.app */ = {isa = PBXFileReference; explicitFileType = wrapper.application; includeInIndex = 0; path = ACEVIewExample.app; sourceTree = BUILT_PRODUCTS_DIR; };
		7C8A72E515EA0F0E007E5EB8 /* ACE View Example-Info.plist */ = {isa = PBXFileReference; lastKnownFileType = text.plist.xml; path = "ACE View Example-Info.plist"; sourceTree = "<group>"; };
		7C8A72E915EA0F0E007E5EB8 /* main.m */ = {isa = PBXFileReference; lastKnownFileType = sourcecode.c.objc; path = main.m; sourceTree = "<group>"; };
		7C8A72EB15EA0F0E007E5EB8 /* ACE View Example-Prefix.pch */ = {isa = PBXFileReference; lastKnownFileType = sourcecode.c.h; path = "ACE View Example-Prefix.pch"; sourceTree = "<group>"; };
		7C8A72EF15EA0F0E007E5EB8 /* ACEViewAppDelegate.h */ = {isa = PBXFileReference; lastKnownFileType = sourcecode.c.h; path = ACEViewAppDelegate.h; sourceTree = "<group>"; };
		7C8A72F015EA0F0E007E5EB8 /* ACEViewAppDelegate.m */ = {isa = PBXFileReference; lastKnownFileType = sourcecode.c.objc; path = ACEViewAppDelegate.m; sourceTree = "<group>"; };
		7C8A72F915EA0FCB007E5EB8 /* HTML5.html */ = {isa = PBXFileReference; fileEncoding = 4; lastKnownFileType = text.html; name = HTML5.html; path = Content/HTML5.html; sourceTree = "<group>"; };
		7C8A72FE15EA1414007E5EB8 /* WebKit.framework */ = {isa = PBXFileReference; lastKnownFileType = wrapper.framework; name = WebKit.framework; path = System/Library/Frameworks/WebKit.framework; sourceTree = SDKROOT; };
		7C9B5F12166AEB9700A24CB7 /* index.html */ = {isa = PBXFileReference; fileEncoding = 4; lastKnownFileType = text.html; name = index.html; path = ACEView/html/index.html; sourceTree = "<group>"; };
		7C9B66BC166AF49F00A24CB7 /* ACEView.m */ = {isa = PBXFileReference; fileEncoding = 4; lastKnownFileType = sourcecode.c.objc; name = ACEView.m; path = ACEView/Source/ACEView.m; sourceTree = "<group>"; };
		7C9B66C1166AF4C600A24CB7 /* ACEView.h */ = {isa = PBXFileReference; fileEncoding = 4; lastKnownFileType = sourcecode.c.h; name = ACEView.h; path = ACEView/Source/Headers/ACEView.h; sourceTree = "<group>"; };
		7C9B66C4166AF4E900A24CB7 /* ACELogger.h */ = {isa = PBXFileReference; fileEncoding = 4; lastKnownFileType = sourcecode.c.h; name = ACELogger.h; path = ACEView/Source/Utilities/Headers/ACELogger.h; sourceTree = "<group>"; };
		7C9B66C6166AF4F600A24CB7 /* ACELogger.m */ = {isa = PBXFileReference; fileEncoding = 4; lastKnownFileType = sourcecode.c.objc; name = ACELogger.m; path = ACEView/Source/Utilities/ACELogger.m; sourceTree = "<group>"; };
		7C9B66C8166AF5AD00A24CB7 /* ACEView-Info.plist */ = {isa = PBXFileReference; fileEncoding = 4; lastKnownFileType = text.plist.xml; path = "ACEView-Info.plist"; sourceTree = "<group>"; };
		7C9B66CA166AF5DF00A24CB7 /* ACEView-Prefix.pch */ = {isa = PBXFileReference; fileEncoding = 4; lastKnownFileType = sourcecode.c.h; path = "ACEView-Prefix.pch"; sourceTree = "<group>"; };
		7CAF0CFF15EBAA7C00161329 /* en */ = {isa = PBXFileReference; lastKnownFileType = text.plist.strings; name = en; path = en.lproj/InfoPlist.strings; sourceTree = "<group>"; };
/* End PBXFileReference section */

/* Begin PBXFrameworksBuildPhase section */
		36F169DE16B9346C00E8965C /* Frameworks */ = {
			isa = PBXFrameworksBuildPhase;
			buildActionMask = 2147483647;
			files = (
				36F169E316B9346C00E8965C /* SenTestingKit.framework in Frameworks */,
				36F169E416B9346C00E8965C /* Cocoa.framework in Frameworks */,
			);
			runOnlyForDeploymentPostprocessing = 0;
		};
		7B69966C1819605C00CAD9E2 /* Frameworks */ = {
			isa = PBXFrameworksBuildPhase;
			buildActionMask = 2147483647;
			files = (
				7B69967F18196A0F00CAD9E2 /* JavaScriptCore.framework in Frameworks */,
				7B69967D1819631000CAD9E2 /* Cocoa.framework in Frameworks */,
				7B6996711819605C00CAD9E2 /* Foundation.framework in Frameworks */,
			);
			runOnlyForDeploymentPostprocessing = 0;
		};
		7C8A728815EA0769007E5EB8 /* Frameworks */ = {
			isa = PBXFrameworksBuildPhase;
			buildActionMask = 2147483647;
			files = (
				7BB2B66C181A473C0078A9C1 /* libKFURLBar.a in Frameworks */,
				7B8C888A181A113A00A43EE4 /* JavaScriptCore.framework in Frameworks */,
				7C8A72FF15EA1414007E5EB8 /* WebKit.framework in Frameworks */,
				7C8A729015EA0769007E5EB8 /* Cocoa.framework in Frameworks */,
			);
			runOnlyForDeploymentPostprocessing = 0;
		};
		7C8A72DD15EA0F0E007E5EB8 /* Frameworks */ = {
			isa = PBXFrameworksBuildPhase;
			buildActionMask = 2147483647;
			files = (
				7C8A72E215EA0F0E007E5EB8 /* Cocoa.framework in Frameworks */,
				7C8A72F815EA0F28007E5EB8 /* ACEView.framework in Frameworks */,
			);
			runOnlyForDeploymentPostprocessing = 0;
		};
/* End PBXFrameworksBuildPhase section */

/* Begin PBXGroup section */
		36F169E516B9346C00E8965C /* ACEView Tests */ = {
			isa = PBXGroup;
			children = (
				36F169EB16B9346C00E8965C /* ACEView_Tests.h */,
				36F169EC16B9346C00E8965C /* ACEView_Tests.m */,
				36F169E616B9346C00E8965C /* Supporting Files */,
			);
			path = "ACEView Tests";
			sourceTree = SOURCE_ROOT;
		};
		36F169E616B9346C00E8965C /* Supporting Files */ = {
			isa = PBXGroup;
			children = (
				36F169E716B9346C00E8965C /* ACEView Tests-Info.plist */,
				36F169E816B9346C00E8965C /* InfoPlist.strings */,
				36F169EE16B9346C00E8965C /* ACEView Tests-Prefix.pch */,
			);
			name = "Supporting Files";
			sourceTree = "<group>";
		};
		7BB2B662181A47190078A9C1 /* Products */ = {
			isa = PBXGroup;
			children = (
				7BB2B667181A47190078A9C1 /* KFURLBarDemo.app */,
				7BB2B669181A47190078A9C1 /* libKFURLBar.a */,
			);
			name = Products;
			sourceTree = "<group>";
		};
		7C8A728015EA0769007E5EB8 = {
			isa = PBXGroup;
			children = (
				7B4A2DA5191C351B00E20A3A /* KFWebKitProgressController.h */,
				7B4A2DA6191C351B00E20A3A /* KFURLBar.h */,
				7BB2B661181A47190078A9C1 /* KFURLBar.xcodeproj */,
				7C8A72E315EA0F0E007E5EB8 /* ACE View Example */,
				7B644D0C18164AEA0036D205 /* ACEBrowserView.h */,
				7B644D0D18164AEA0036D205 /* ACEBrowserView.m */,
				7C9B66C4166AF4E900A24CB7 /* ACELogger.h */,
				7C9B66C6166AF4F600A24CB7 /* ACELogger.m */,
				7C86C84D166F184C00AE3A57 /* ACERange.h */,
				7C9B66C1166AF4C600A24CB7 /* ACEView.h */,
				7C9B66BC166AF49F00A24CB7 /* ACEView.m */,
				7BF6DBA3181C5D0F007B9A63 /* jsdetector.js */,
				7BF6DBA5181C5D64007B9A63 /* ACELanguageDetector.h */,
				7BF6DBA6181C5D64007B9A63 /* ACELanguageDetector.m */,
				7C9B5F12166AEB9700A24CB7 /* index.html */,
				7C08C07D1672ED30000D4A97 /* NSInvocation+MainThread.h */,
				7C08C07B1672ED23000D4A97 /* NSInvocation+MainThread.m */,
				7C86C853166F4A2000AE3A57 /* NSString+JS.h */,
				7C86C850166F4A0E00AE3A57 /* NSString+JS.m */,
				7C8A728D15EA0769007E5EB8 /* Products */,
				7B4D35351819A9C400664C4A /* src */,
				7C8A729615EA0769007E5EB8 /* Supporting Files */,
			);
			sourceTree = "<group>";
		};
		7C8A728D15EA0769007E5EB8 /* Products */ = {
			isa = PBXGroup;
			children = (
				7C8A728C15EA0769007E5EB8 /* ACEView.framework */,
				7C8A72E015EA0F0E007E5EB8 /* ACEVIewExample.app */,
				36F169E216B9346C00E8965C /* ACEViewTests.octest */,
				7B69966F1819605C00CAD9E2 /* UpdateAce */,
			);
			name = Products;
			sourceTree = "<group>";
		};
		7C8A728E15EA0769007E5EB8 /* Frameworks */ = {
			isa = PBXGroup;
			children = (
				7B69967E18196A0F00CAD9E2 /* JavaScriptCore.framework */,
				7C8A728F15EA0769007E5EB8 /* Cocoa.framework */,
				369548C316B8ED0C00DF75B9 /* SenTestingKit.framework */,
				7B6996701819605C00CAD9E2 /* Foundation.framework */,
				7C8A729115EA0769007E5EB8 /* Other Frameworks */,
			);
			name = Frameworks;
			path = ..;
			sourceTree = "<group>";
		};
		7C8A729115EA0769007E5EB8 /* Other Frameworks */ = {
			isa = PBXGroup;
			children = (
				7C8A729215EA0769007E5EB8 /* AppKit.framework */,
				7C8A729315EA0769007E5EB8 /* CoreData.framework */,
				7C8A729415EA0769007E5EB8 /* Foundation.framework */,
			);
			name = "Other Frameworks";
			sourceTree = "<group>";
		};
		7C8A729615EA0769007E5EB8 /* Supporting Files */ = {
			isa = PBXGroup;
			children = (
				36F169E516B9346C00E8965C /* ACEView Tests */,
				7B6996731819605C00CAD9E2 /* updateAce.m */,
				7C8A728E15EA0769007E5EB8 /* Frameworks */,
				7C8A72FE15EA1414007E5EB8 /* WebKit.framework */,
				7C9B66C8166AF5AD00A24CB7 /* ACEView-Info.plist */,
				7CAF0CFE15EBAA7C00161329 /* InfoPlist.strings */,
				7C9B66CA166AF5DF00A24CB7 /* ACEView-Prefix.pch */,
			);
			name = "Supporting Files";
			path = ACEView;
			sourceTree = "<group>";
		};
		7C8A72E315EA0F0E007E5EB8 /* ACE View Example */ = {
			isa = PBXGroup;
			children = (
				7C8A72EF15EA0F0E007E5EB8 /* ACEViewAppDelegate.h */,
				7C8A72F015EA0F0E007E5EB8 /* ACEViewAppDelegate.m */,
				36F169F616B9374200E8965C /* MainMenu.xib */,
				7C8A72E415EA0F0E007E5EB8 /* Supporting Files */,
				7C8A72F915EA0FCB007E5EB8 /* HTML5.html */,
			);
			path = "ACE View Example";
			sourceTree = "<group>";
		};
		7C8A72E415EA0F0E007E5EB8 /* Supporting Files */ = {
			isa = PBXGroup;
			children = (
				7C8A72E515EA0F0E007E5EB8 /* ACE View Example-Info.plist */,
				7C8A72E915EA0F0E007E5EB8 /* main.m */,
				7C8A72EB15EA0F0E007E5EB8 /* ACE View Example-Prefix.pch */,
			);
			name = "Supporting Files";
			sourceTree = "<group>";
		};
/* End PBXGroup section */

/* Begin PBXHeadersBuildPhase section */
		7C8A728915EA0769007E5EB8 /* Headers */ = {
			isa = PBXHeadersBuildPhase;
			buildActionMask = 2147483647;
			files = (
				7C9B66C2166AF4C600A24CB7 /* ACEView.h in Headers */,
				7C9B66C5166AF4E900A24CB7 /* ACELogger.h in Headers */,
				7B4A2DA7191C351B00E20A3A /* KFWebKitProgressController.h in Headers */,
				7C86C84E166F184D00AE3A57 /* ACERange.h in Headers */,
				7BF6DBA7181C5D64007B9A63 /* ACELanguageDetector.h in Headers */,
				7C86C854166F4A2000AE3A57 /* NSString+JS.h in Headers */,
				7B644D0E18164AEA0036D205 /* ACEBrowserView.h in Headers */,
				7B4A2DA8191C351B00E20A3A /* KFURLBar.h in Headers */,
				7C08C07E1672ED30000D4A97 /* NSInvocation+MainThread.h in Headers */,
			);
			runOnlyForDeploymentPostprocessing = 0;
		};
/* End PBXHeadersBuildPhase section */

/* Begin PBXNativeTarget section */
		36F169E116B9346C00E8965C /* ACEViewTests */ = {
			isa = PBXNativeTarget;
			buildConfigurationList = 36F169EF16B9346C00E8965C /* Build configuration list for PBXNativeTarget "ACEViewTests" */;
			buildPhases = (
				36F169DD16B9346C00E8965C /* Sources */,
				36F169DE16B9346C00E8965C /* Frameworks */,
				36F169DF16B9346C00E8965C /* Resources */,
				36F169E016B9346C00E8965C /* ShellScript */,
			);
			buildRules = (
			);
			dependencies = (
			);
			name = ACEViewTests;
			productName = "ACEView Tests";
			productReference = 36F169E216B9346C00E8965C /* ACEViewTests.octest */;
			productType = "com.apple.product-type.bundle";
		};
		7B69966E1819605C00CAD9E2 /* UpdateAce */ = {
			isa = PBXNativeTarget;
			buildConfigurationList = 7B6996791819605C00CAD9E2 /* Build configuration list for PBXNativeTarget "UpdateAce" */;
			buildPhases = (
				7B69966B1819605C00CAD9E2 /* Sources */,
				7B69966C1819605C00CAD9E2 /* Frameworks */,
				7B69966D1819605C00CAD9E2 /* CopyFiles */,
			);
			buildRules = (
			);
			dependencies = (
			);
			name = UpdateAce;
			productName = UpdateAce;
			productReference = 7B69966F1819605C00CAD9E2 /* UpdateAce */;
			productType = "com.apple.product-type.tool";
		};
		7C8A728B15EA0769007E5EB8 /* ACEView */ = {
			isa = PBXNativeTarget;
			buildConfigurationList = 7C8A72A115EA0769007E5EB8 /* Build configuration list for PBXNativeTarget "ACEView" */;
			buildPhases = (
				7C8A728715EA0769007E5EB8 /* Sources */,
				7C8A728815EA0769007E5EB8 /* Frameworks */,
				7C8A728915EA0769007E5EB8 /* Headers */,
				7C9B66B0166AF19A00A24CB7 /* Copy ACE JavaScript */,
				7B6996611819547700CAD9E2 /* ShellScript */,
			);
			buildRules = (
			);
			dependencies = (
				7BB2B66B181A471E0078A9C1 /* PBXTargetDependency */,
			);
			name = ACEView;
			productName = ACEView;
			productReference = 7C8A728C15EA0769007E5EB8 /* ACEView.framework */;
			productType = "com.apple.product-type.framework";
		};
		7C8A72DF15EA0F0E007E5EB8 /* ACEVIewExample */ = {
			isa = PBXNativeTarget;
			buildConfigurationList = 7C8A72F515EA0F0E007E5EB8 /* Build configuration list for PBXNativeTarget "ACEVIewExample" */;
			buildPhases = (
				7C8A72DC15EA0F0E007E5EB8 /* Sources */,
				7C8A72DD15EA0F0E007E5EB8 /* Frameworks */,
				7C8A72DE15EA0F0E007E5EB8 /* Resources */,
			);
			buildRules = (
			);
			dependencies = (
			);
			name = ACEVIewExample;
			productName = "ACE View Example";
			productReference = 7C8A72E015EA0F0E007E5EB8 /* ACEVIewExample.app */;
			productType = "com.apple.product-type.application";
		};
/* End PBXNativeTarget section */

/* Begin PBXProject section */
		7C8A728215EA0769007E5EB8 /* Project object */ = {
			isa = PBXProject;
			attributes = {
				LastUpgradeCheck = 0500;
				ORGANIZATIONNAME = "Code of Interest";
			};
			buildConfigurationList = 7C8A728515EA0769007E5EB8 /* Build configuration list for PBXProject "ACEView" */;
			compatibilityVersion = "Xcode 3.2";
			developmentRegion = English;
			hasScannedForEncodings = 0;
			knownRegions = (
				en,
			);
			mainGroup = 7C8A728015EA0769007E5EB8;
			productRefGroup = 7C8A728D15EA0769007E5EB8 /* Products */;
			projectDirPath = "";
			projectReferences = (
				{
					ProductGroup = 7BB2B662181A47190078A9C1 /* Products */;
					ProjectRef = 7BB2B661181A47190078A9C1 /* KFURLBar.xcodeproj */;
				},
			);
			projectRoot = "";
			targets = (
				7C8A728B15EA0769007E5EB8 /* ACEView */,
				7C8A72DF15EA0F0E007E5EB8 /* ACEVIewExample */,
				36F169E116B9346C00E8965C /* ACEViewTests */,
				7B69966E1819605C00CAD9E2 /* UpdateAce */,
				7B4D35291819A2EB00664C4A /* Build */,
			);
		};
/* End PBXProject section */

/* Begin PBXReferenceProxy section */
		7BB2B667181A47190078A9C1 /* KFURLBarDemo.app */ = {
			isa = PBXReferenceProxy;
			fileType = wrapper.application;
			path = KFURLBarDemo.app;
			remoteRef = 7BB2B666181A47190078A9C1 /* PBXContainerItemProxy */;
			sourceTree = BUILT_PRODUCTS_DIR;
		};
		7BB2B669181A47190078A9C1 /* libKFURLBar.a */ = {
			isa = PBXReferenceProxy;
			fileType = archive.ar;
			path = libKFURLBar.a;
			remoteRef = 7BB2B668181A47190078A9C1 /* PBXContainerItemProxy */;
			sourceTree = BUILT_PRODUCTS_DIR;
		};
/* End PBXReferenceProxy section */

/* Begin PBXResourcesBuildPhase section */
		36F169DF16B9346C00E8965C /* Resources */ = {
			isa = PBXResourcesBuildPhase;
			buildActionMask = 2147483647;
			files = (
				36F169EA16B9346C00E8965C /* InfoPlist.strings in Resources */,
				36F169F816B9374200E8965C /* MainMenu.xib in Resources */,
			);
			runOnlyForDeploymentPostprocessing = 0;
		};
		7C8A72DE15EA0F0E007E5EB8 /* Resources */ = {
			isa = PBXResourcesBuildPhase;
			buildActionMask = 2147483647;
			files = (
				36F169F916B9375D00E8965C /* MainMenu.xib in Resources */,
				7C8A72FA15EA0FCB007E5EB8 /* HTML5.html in Resources */,
			);
			runOnlyForDeploymentPostprocessing = 0;
		};
/* End PBXResourcesBuildPhase section */

/* Begin PBXShellScriptBuildPhase section */
		36F169E016B9346C00E8965C /* ShellScript */ = {
			isa = PBXShellScriptBuildPhase;
			buildActionMask = 2147483647;
			files = (
			);
			inputPaths = (
			);
			outputPaths = (
			);
			runOnlyForDeploymentPostprocessing = 0;
			shellPath = /bin/sh;
			shellScript = "# Run the unit tests in this test bundle.\n\"${SYSTEM_DEVELOPER_DIR}/Tools/RunUnitTests\"\n";
		};
		7B6996611819547700CAD9E2 /* ShellScript */ = {
			isa = PBXShellScriptBuildPhase;
			buildActionMask = 2147483647;
			files = (
			);
			inputPaths = (
			);
			outputPaths = (
			);
			runOnlyForDeploymentPostprocessing = 0;
			shellPath = /bin/sh;
			shellScript = "#cd \"${BUILT_PRODUCTS_DIR}/include\"\n#for D in `find . -type d -d 1 | xargs basename`; do\n#\tlogger \"$D\"\n#    cmnd=\"sudo rsync -lKr --del $D ${BUILT_PRODUCTS_DIR}/${WRAPPER_NAME}/Versions/A/Headers/\"\n#    eval $cmnd\n#    ret_code=$? && if [ $ret_code -ne 0 ];then exit $ret_code; fi\n#done\nPRODUCT=\"${BUILT_PRODUCTS_DIR}/${FULL_PRODUCT_NAME}\"\n\nsudo ln -sF \"$PRODUCT\" \"/Library/Frameworks/\"\nsudo ln -sF \"$PRODUCT\" \"${SDKROOT}/System/Library/Frameworks/\"\n";
		};
/* End PBXShellScriptBuildPhase section */

/* Begin PBXSourcesBuildPhase section */
		36F169DD16B9346C00E8965C /* Sources */ = {
			isa = PBXSourcesBuildPhase;
			buildActionMask = 2147483647;
			files = (
				36F169ED16B9346C00E8965C /* ACEView_Tests.m in Sources */,
			);
			runOnlyForDeploymentPostprocessing = 0;
		};
		7B69966B1819605C00CAD9E2 /* Sources */ = {
			isa = PBXSourcesBuildPhase;
			buildActionMask = 2147483647;
			files = (
				7B6996741819605C00CAD9E2 /* updateAce.m in Sources */,
			);
			runOnlyForDeploymentPostprocessing = 0;
		};
		7C8A728715EA0769007E5EB8 /* Sources */ = {
			isa = PBXSourcesBuildPhase;
			buildActionMask = 2147483647;
			files = (
				7C9B66BE166AF49F00A24CB7 /* ACEView.m in Sources */,
				7C86C852166F4A0E00AE3A57 /* NSString+JS.m in Sources */,
				7B8C888B181A124400A43EE4 /* ACEBrowserView.m in Sources */,
				7C08C07C1672ED23000D4A97 /* NSInvocation+MainThread.m in Sources */,
				7BF6DBA8181C5D64007B9A63 /* ACELanguageDetector.m in Sources */,
			);
			runOnlyForDeploymentPostprocessing = 0;
		};
		7C8A72DC15EA0F0E007E5EB8 /* Sources */ = {
			isa = PBXSourcesBuildPhase;
			buildActionMask = 2147483647;
			files = (
				7C8A72EA15EA0F0E007E5EB8 /* main.m in Sources */,
				7C8A72F115EA0F0E007E5EB8 /* ACEViewAppDelegate.m in Sources */,
			);
			runOnlyForDeploymentPostprocessing = 0;
		};
/* End PBXSourcesBuildPhase section */

/* Begin PBXTargetDependency section */
		7B4D352E1819A2F100664C4A /* PBXTargetDependency */ = {
			isa = PBXTargetDependency;
			target = 7B69966E1819605C00CAD9E2 /* UpdateAce */;
			targetProxy = 7B4D352D1819A2F100664C4A /* PBXContainerItemProxy */;
		};
		7B4D35301819A2FB00664C4A /* PBXTargetDependency */ = {
			isa = PBXTargetDependency;
			target = 7C8A728B15EA0769007E5EB8 /* ACEView */;
			targetProxy = 7B4D352F1819A2FB00664C4A /* PBXContainerItemProxy */;
		};
		7BB2B66B181A471E0078A9C1 /* PBXTargetDependency */ = {
			isa = PBXTargetDependency;
			name = KFURLBar;
			targetProxy = 7BB2B66A181A471E0078A9C1 /* PBXContainerItemProxy */;
		};
/* End PBXTargetDependency section */

/* Begin PBXVariantGroup section */
		36F169E816B9346C00E8965C /* InfoPlist.strings */ = {
			isa = PBXVariantGroup;
			children = (
				36F169E916B9346C00E8965C /* en */,
			);
			name = InfoPlist.strings;
			sourceTree = "<group>";
		};
		36F169F616B9374200E8965C /* MainMenu.xib */ = {
			isa = PBXVariantGroup;
			children = (
				36F169F716B9374200E8965C /* en */,
			);
			name = MainMenu.xib;
			sourceTree = "<group>";
		};
		7CAF0CFE15EBAA7C00161329 /* InfoPlist.strings */ = {
			isa = PBXVariantGroup;
			children = (
				7CAF0CFF15EBAA7C00161329 /* en */,
			);
			name = InfoPlist.strings;
			sourceTree = "<group>";
		};
/* End PBXVariantGroup section */

/* Begin XCBuildConfiguration section */
		36F169F016B9346C00E8965C /* Debug */ = {
			isa = XCBuildConfiguration;
			buildSettings = {
				BUNDLE_LOADER = "$(CONFIGURATION_BUILD_DIR)/ACEViewExample.app/Contents/MacOS/ACEViewExample";
				CLANG_CXX_LIBRARY = "libc++";
				CLANG_WARN_CONSTANT_CONVERSION = YES;
				CLANG_WARN_EMPTY_BODY = YES;
				CLANG_WARN_ENUM_CONVERSION = YES;
				CLANG_WARN_INT_CONVERSION = YES;
				COMBINE_HIDPI_IMAGES = YES;
				FRAMEWORK_SEARCH_PATHS = (
					"\"$(DEVELOPER_LIBRARY_DIR)/Frameworks\"",
					"\"$(SRCROOT)/ACEView Tests\"",
				);
				GCC_PRECOMPILE_PREFIX_HEADER = YES;
				GCC_PREFIX_HEADER = "ACEView Tests/ACEView Tests-Prefix.pch";
				INFOPLIST_FILE = "ACEView Tests/ACEView Tests-Info.plist";
				MACOSX_DEPLOYMENT_TARGET = 10.8;
				PRODUCT_NAME = "$(TARGET_NAME)";
				TEST_HOST = "$(BUNDLE_LOADER)";
				WRAPPER_EXTENSION = octest;
			};
			name = Debug;
		};
		36F169F116B9346C00E8965C /* Release */ = {
			isa = XCBuildConfiguration;
			buildSettings = {
				BUNDLE_LOADER = "$(CONFIGURATION_BUILD_DIR)/ACEViewExample.app/Contents/MacOS/ACEViewExample";
				CLANG_CXX_LIBRARY = "libc++";
				CLANG_WARN_CONSTANT_CONVERSION = YES;
				CLANG_WARN_EMPTY_BODY = YES;
				CLANG_WARN_ENUM_CONVERSION = YES;
				CLANG_WARN_INT_CONVERSION = YES;
				COMBINE_HIDPI_IMAGES = YES;
				FRAMEWORK_SEARCH_PATHS = (
					"\"$(DEVELOPER_LIBRARY_DIR)/Frameworks\"",
					"\"$(SRCROOT)/ACEView Tests\"",
				);
				GCC_PRECOMPILE_PREFIX_HEADER = YES;
				GCC_PREFIX_HEADER = "ACEView Tests/ACEView Tests-Prefix.pch";
				INFOPLIST_FILE = "ACEView Tests/ACEView Tests-Info.plist";
				MACOSX_DEPLOYMENT_TARGET = 10.8;
				PRODUCT_NAME = "$(TARGET_NAME)";
				TEST_HOST = "$(BUNDLE_LOADER)";
				WRAPPER_EXTENSION = octest;
			};
			name = Release;
		};
		7B4D352B1819A2EB00664C4A /* Debug */ = {
			isa = XCBuildConfiguration;
			buildSettings = {
				PRODUCT_NAME = "$(TARGET_NAME)";
			};
			name = Debug;
		};
		7B4D352C1819A2EB00664C4A /* Release */ = {
			isa = XCBuildConfiguration;
			buildSettings = {
				PRODUCT_NAME = "$(TARGET_NAME)";
			};
			name = Release;
		};
		7B69967A1819605C00CAD9E2 /* Debug */ = {
			isa = XCBuildConfiguration;
			buildSettings = {
				CLANG_CXX_LIBRARY = "libc++";
				CLANG_WARN_BOOL_CONVERSION = YES;
				CLANG_WARN_CONSTANT_CONVERSION = YES;
				CLANG_WARN_DIRECT_OBJC_ISA_USAGE = YES_ERROR;
				CLANG_WARN_EMPTY_BODY = YES;
				CLANG_WARN_ENUM_CONVERSION = YES;
				CLANG_WARN_INT_CONVERSION = YES;
				CLANG_WARN_OBJC_ROOT_CLASS = YES_ERROR;
				GCC_PRECOMPILE_PREFIX_HEADER = NO;
				GCC_PREPROCESSOR_DEFINITIONS = (
					"DEBUG=1",
					"$(inherited)",
				);
				GCC_WARN_ABOUT_RETURN_TYPE = YES_ERROR;
				GCC_WARN_UNDECLARED_SELECTOR = YES;
				GCC_WARN_UNUSED_FUNCTION = YES;
				PRODUCT_NAME = "$(TARGET_NAME)";
			};
			name = Debug;
		};
		7B69967B1819605C00CAD9E2 /* Release */ = {
			isa = XCBuildConfiguration;
			buildSettings = {
				CLANG_CXX_LIBRARY = "libc++";
				CLANG_WARN_BOOL_CONVERSION = YES;
				CLANG_WARN_CONSTANT_CONVERSION = YES;
				CLANG_WARN_DIRECT_OBJC_ISA_USAGE = YES_ERROR;
				CLANG_WARN_EMPTY_BODY = YES;
				CLANG_WARN_ENUM_CONVERSION = YES;
				CLANG_WARN_INT_CONVERSION = YES;
				CLANG_WARN_OBJC_ROOT_CLASS = YES_ERROR;
				ENABLE_NS_ASSERTIONS = NO;
				GCC_PRECOMPILE_PREFIX_HEADER = NO;
				GCC_WARN_ABOUT_RETURN_TYPE = YES_ERROR;
				GCC_WARN_UNDECLARED_SELECTOR = YES;
				GCC_WARN_UNUSED_FUNCTION = YES;
				PRODUCT_NAME = "$(TARGET_NAME)";
			};
			name = Release;
		};
		7C8A729F15EA0769007E5EB8 /* Debug */ = {
			isa = XCBuildConfiguration;
			buildSettings = {
				ALWAYS_SEARCH_USER_PATHS = NO;
				CLANG_CXX_LANGUAGE_STANDARD = "gnu++0x";
				CLANG_ENABLE_OBJC_ARC = YES;
				CLANG_WARN__DUPLICATE_METHOD_MATCH = YES;
				COPY_PHASE_STRIP = NO;
				GCC_C_LANGUAGE_STANDARD = gnu99;
				GCC_DYNAMIC_NO_PIC = NO;
				GCC_ENABLE_OBJC_EXCEPTIONS = YES;
				GCC_OPTIMIZATION_LEVEL = 0;
				GCC_PREPROCESSOR_DEFINITIONS = (
					"DEBUG=1",
					"$(inherited)",
				);
				GCC_SYMBOLS_PRIVATE_EXTERN = NO;
				GCC_WARN_64_TO_32_BIT_CONVERSION = YES;
				GCC_WARN_ABOUT_RETURN_TYPE = YES;
				GCC_WARN_UNINITIALIZED_AUTOS = YES;
				GCC_WARN_UNUSED_VARIABLE = YES;
				MACOSX_DEPLOYMENT_TARGET = 10.7;
				ONLY_ACTIVE_ARCH = YES;
				SDKROOT = macosx;
			};
			name = Debug;
		};
		7C8A72A015EA0769007E5EB8 /* Release */ = {
			isa = XCBuildConfiguration;
			buildSettings = {
				ALWAYS_SEARCH_USER_PATHS = NO;
				CLANG_CXX_LANGUAGE_STANDARD = "gnu++0x";
				CLANG_ENABLE_OBJC_ARC = YES;
				CLANG_WARN__DUPLICATE_METHOD_MATCH = YES;
				COPY_PHASE_STRIP = YES;
				DEBUG_INFORMATION_FORMAT = "dwarf-with-dsym";
				GCC_C_LANGUAGE_STANDARD = gnu99;
				GCC_ENABLE_OBJC_EXCEPTIONS = YES;
				GCC_WARN_64_TO_32_BIT_CONVERSION = YES;
				GCC_WARN_ABOUT_RETURN_TYPE = YES;
				GCC_WARN_UNINITIALIZED_AUTOS = YES;
				GCC_WARN_UNUSED_VARIABLE = YES;
				MACOSX_DEPLOYMENT_TARGET = 10.7;
				ONLY_ACTIVE_ARCH = YES;
				SDKROOT = macosx;
			};
			name = Release;
		};
		7C8A72A215EA0769007E5EB8 /* Debug */ = {
			isa = XCBuildConfiguration;
			buildSettings = {
				CLANG_CXX_LANGUAGE_STANDARD = "compiler-default";
				CLANG_ENABLE_MODULES = YES;
				CLANG_ENABLE_OBJC_ARC = YES;
				CLANG_MODULES_AUTOLINK = NO;
				COMBINE_HIDPI_IMAGES = YES;
				DYLIB_COMPATIBILITY_VERSION = 1;
				DYLIB_CURRENT_VERSION = 1;
				FRAMEWORK_VERSION = A;
				GCC_PRECOMPILE_PREFIX_HEADER = YES;
				GCC_PREFIX_HEADER = "ACEView/ACEView-Prefix.pch";
				INFOPLIST_FILE = "ACEView/ACEView-Info.plist";
				INSTALL_PATH = "@loader_path/../Frameworks";
				OTHER_LDFLAGS = (
					"-framework",
					WebKit,
				);
				PRODUCT_NAME = "$(TARGET_NAME)";
				SDKROOT = macosx;
				VALID_ARCHS = "x86_64 i386";
				WRAPPER_EXTENSION = framework;
			};
			name = Debug;
		};
		7C8A72A315EA0769007E5EB8 /* Release */ = {
			isa = XCBuildConfiguration;
			buildSettings = {
				CLANG_CXX_LANGUAGE_STANDARD = "compiler-default";
				CLANG_ENABLE_MODULES = YES;
				CLANG_ENABLE_OBJC_ARC = YES;
				CLANG_MODULES_AUTOLINK = NO;
				COMBINE_HIDPI_IMAGES = YES;
				DYLIB_COMPATIBILITY_VERSION = 1;
				DYLIB_CURRENT_VERSION = 1;
				FRAMEWORK_VERSION = A;
				GCC_PRECOMPILE_PREFIX_HEADER = YES;
				GCC_PREFIX_HEADER = "ACEView/ACEView-Prefix.pch";
				INFOPLIST_FILE = "ACEView/ACEView-Info.plist";
				INSTALL_PATH = "@loader_path/../Frameworks";
				OTHER_LDFLAGS = (
					"-framework",
					WebKit,
				);
				PRODUCT_NAME = "$(TARGET_NAME)";
				SDKROOT = macosx;
				VALID_ARCHS = "x86_64 i386";
				WRAPPER_EXTENSION = framework;
			};
			name = Release;
		};
		7C8A72F615EA0F0E007E5EB8 /* Debug */ = {
			isa = XCBuildConfiguration;
			buildSettings = {
				COMBINE_HIDPI_IMAGES = YES;
				GCC_PRECOMPILE_PREFIX_HEADER = YES;
				GCC_PREFIX_HEADER = "ACE View Example/ACE View Example-Prefix.pch";
				INFOPLIST_FILE = "ACE View Example/ACE View Example-Info.plist";
				MACOSX_DEPLOYMENT_TARGET = 10.8;
				PRODUCT_NAME = "$(TARGET_NAME)";
				WRAPPER_EXTENSION = app;
			};
			name = Debug;
		};
		7C8A72F715EA0F0E007E5EB8 /* Release */ = {
			isa = XCBuildConfiguration;
			buildSettings = {
				COMBINE_HIDPI_IMAGES = YES;
				GCC_PRECOMPILE_PREFIX_HEADER = YES;
				GCC_PREFIX_HEADER = "ACE View Example/ACE View Example-Prefix.pch";
				INFOPLIST_FILE = "ACE View Example/ACE View Example-Info.plist";
				MACOSX_DEPLOYMENT_TARGET = 10.8;
				PRODUCT_NAME = "$(TARGET_NAME)";
				WRAPPER_EXTENSION = app;
			};
			name = Release;
		};
/* End XCBuildConfiguration section */

/* Begin XCConfigurationList section */
		36F169EF16B9346C00E8965C /* Build configuration list for PBXNativeTarget "ACEViewTests" */ = {
			isa = XCConfigurationList;
			buildConfigurations = (
				36F169F016B9346C00E8965C /* Debug */,
				36F169F116B9346C00E8965C /* Release */,
			);
			defaultConfigurationIsVisible = 0;
			defaultConfigurationName = Release;
		};
		7B4D352A1819A2EB00664C4A /* Build configuration list for PBXAggregateTarget "Build" */ = {
			isa = XCConfigurationList;
			buildConfigurations = (
				7B4D352B1819A2EB00664C4A /* Debug */,
				7B4D352C1819A2EB00664C4A /* Release */,
			);
			defaultConfigurationIsVisible = 0;
			defaultConfigurationName = Release;
		};
		7B6996791819605C00CAD9E2 /* Build configuration list for PBXNativeTarget "UpdateAce" */ = {
			isa = XCConfigurationList;
			buildConfigurations = (
				7B69967A1819605C00CAD9E2 /* Debug */,
				7B69967B1819605C00CAD9E2 /* Release */,
			);
			defaultConfigurationIsVisible = 0;
			defaultConfigurationName = Release;
		};
		7C8A728515EA0769007E5EB8 /* Build configuration list for PBXProject "ACEView" */ = {
			isa = XCConfigurationList;
			buildConfigurations = (
				7C8A729F15EA0769007E5EB8 /* Debug */,
				7C8A72A015EA0769007E5EB8 /* Release */,
			);
			defaultConfigurationIsVisible = 0;
			defaultConfigurationName = Release;
		};
		7C8A72A115EA0769007E5EB8 /* Build configuration list for PBXNativeTarget "ACEView" */ = {
			isa = XCConfigurationList;
			buildConfigurations = (
				7C8A72A215EA0769007E5EB8 /* Debug */,
				7C8A72A315EA0769007E5EB8 /* Release */,
			);
			defaultConfigurationIsVisible = 0;
			defaultConfigurationName = Release;
		};
		7C8A72F515EA0F0E007E5EB8 /* Build configuration list for PBXNativeTarget "ACEVIewExample" */ = {
			isa = XCConfigurationList;
			buildConfigurations = (
				7C8A72F615EA0F0E007E5EB8 /* Debug */,
				7C8A72F715EA0F0E007E5EB8 /* Release */,
			);
			defaultConfigurationIsVisible = 0;
			defaultConfigurationName = Release;
		};
/* End XCConfigurationList section */
	};
	rootObject = 7C8A728215EA0769007E5EB8 /* Project object */;
}
